version: 1
experts:
  Composer:
    source: experts
    path: experts/Composer/expert.md
    hash: 489991e33d1da82a9b8395946f1174e864f189d6a48cd3f433620a7573e7d98f
  FactAnalyst:
    source: experts
    path: experts/FactAnalyst/expert.md
    hash: d6c5d525de15d543df47c79d46ee703e9b73cf94800402fdcbe77056a260c99a
  NumberChecker:
    source: experts
    path: experts/NumberChecker/expert.md
    hash: a94a6c0c924bdc071c5ed6a34ea313769e1c83fcbc35802d91a2270a1e72762c
  TaskDecomposer:
    source: experts
    path: experts/TaskDecomposer/expert.md
    hash: c7289bd184aeb7dfebbbde0254ede8d95892306fd1237a3e022b927724da3371
  ToneReviewer:
    source: experts
    path: experts/ToneReviewer/expert.md
    hash: 3f45519ff27886fa83949d4696fb3e9e850b674023b4fb1ac76062cf752ec45c
