version: 1
experts:
  Answerer:
    source: experts
    path: experts/Answerer/expert.md
    hash: a60fbed45690f8f4df09c281872e415837c2554077c3178c266d307e5ed7b785
  Verifier:
    source: experts
    path: experts/Verifier/expert.md
    hash: 6bd8137e59a3296a287fd591021ed4c69520a74075a2b1874c196ba1c71cb644
